
Microsoft Visual Studio Solution File, Format Version 12.00
# Visual Studio Version 17
VisualStudioVersion = 17.5.002.0
MinimumVisualStudioVersion = 10.0.40219.1
Project("{9A19103F-16F7-4668-BE54-9A1E7A4F7556}") = "MeuPrograma", "MeuPrograma.csproj", "{F1603E5B-C1E8-415A-B58E-B7AE994B279A}"
EndProject
Global
	GlobalSection(SolutionConfigurationPlatforms) = preSolution
		Debug|Any CPU = Debug|Any CPU
		Release|Any CPU = Release|Any CPU
	EndGlobalSection
	GlobalSection(ProjectConfigurationPlatforms) = postSolution
		{F1603E5B-C1E8-415A-B58E-B7AE994B279A}.Debug|Any CPU.ActiveCfg = Debug|Any CPU
		{F1603E5B-C1E8-415A-B58E-B7AE994B279A}.Debug|Any CPU.Build.0 = Debug|Any CPU
		{F1603E5B-C1E8-415A-B58E-B7AE994B279A}.Release|Any CPU.ActiveCfg = Release|Any CPU
		{F1603E5B-C1E8-415A-B58E-B7AE994B279A}.Release|Any CPU.Build.0 = Release|Any CPU
	EndGlobalSection
	GlobalSection(SolutionProperties) = preSolution
		HideSolutionNode = FALSE
	EndGlobalSection
	GlobalSection(ExtensibilityGlobals) = postSolution
		SolutionGuid = {9F995F9C-D163-4FB6-95D8-4509E415117F}
	EndGlobalSection
EndGlobal
